
Microsoft Visual Studio Solution File, Format Version 12.00
# Visual Studio Version 17
VisualStudioVersion = 17.0.31903.59
MinimumVisualStudioVersion = 10.0.40219.1
Project("{FAE04EC0-301F-11D3-BF4B-00C04F79EFBC}") = "FoodForge.Core", "FoodForge.Core\FoodForge.Core.csproj", "{3B083062-0012-47EC-95AD-97D552346FD8}"
EndProject
Project("{FAE04EC0-301F-11D3-BF4B-00C04F79EFBC}") = "FoodForge.Data", "FoodForge.Data\FoodForge.Data.csproj", "{84752074-6D07-4F80-B21E-FB151B884FD0}"
EndProject
Project("{FAE04EC0-301F-11D3-BF4B-00C04F79EFBC}") = "FoodForge.App", "FoodForge.App\FoodForge.App.csproj", "{317B96E4-2A0A-4411-AB8C-9DF22C08C4C3}"
EndProject
Global
	GlobalSection(SolutionConfigurationPlatforms) = preSolution
		Debug|Any CPU = Debug|Any CPU
		Debug|x64 = Debug|x64
		Debug|x86 = Debug|x86
		Release|Any CPU = Release|Any CPU
		Release|x64 = Release|x64
		Release|x86 = Release|x86
	EndGlobalSection
	GlobalSection(ProjectConfigurationPlatforms) = postSolution
		{3B083062-0012-47EC-95AD-97D552346FD8}.Debug|Any CPU.ActiveCfg = Debug|Any CPU
		{3B083062-0012-47EC-95AD-97D552346FD8}.Debug|Any CPU.Build.0 = Debug|Any CPU
		{3B083062-0012-47EC-95AD-97D552346FD8}.Debug|x64.ActiveCfg = Debug|Any CPU
		{3B083062-0012-47EC-95AD-97D552346FD8}.Debug|x64.Build.0 = Debug|Any CPU
		{3B083062-0012-47EC-95AD-97D552346FD8}.Debug|x86.ActiveCfg = Debug|Any CPU
		{3B083062-0012-47EC-95AD-97D552346FD8}.Debug|x86.Build.0 = Debug|Any CPU
		{3B083062-0012-47EC-95AD-97D552346FD8}.Release|Any CPU.ActiveCfg = Release|Any CPU
		{3B083062-0012-47EC-95AD-97D552346FD8}.Release|Any CPU.Build.0 = Release|Any CPU
		{3B083062-0012-47EC-95AD-97D552346FD8}.Release|x64.ActiveCfg = Release|Any CPU
		{3B083062-0012-47EC-95AD-97D552346FD8}.Release|x64.Build.0 = Release|Any CPU
		{3B083062-0012-47EC-95AD-97D552346FD8}.Release|x86.ActiveCfg = Release|Any CPU
		{3B083062-0012-47EC-95AD-97D552346FD8}.Release|x86.Build.0 = Release|Any CPU
		{84752074-6D07-4F80-B21E-FB151B884FD0}.Debug|Any CPU.ActiveCfg = Debug|Any CPU
		{84752074-6D07-4F80-B21E-FB151B884FD0}.Debug|Any CPU.Build.0 = Debug|Any CPU
		{84752074-6D07-4F80-B21E-FB151B884FD0}.Debug|x64.ActiveCfg = Debug|Any CPU
		{84752074-6D07-4F80-B21E-FB151B884FD0}.Debug|x64.Build.0 = Debug|Any CPU
		{84752074-6D07-4F80-B21E-FB151B884FD0}.Debug|x86.ActiveCfg = Debug|Any CPU
		{84752074-6D07-4F80-B21E-FB151B884FD0}.Debug|x86.Build.0 = Debug|Any CPU
		{84752074-6D07-4F80-B21E-FB151B884FD0}.Release|Any CPU.ActiveCfg = Release|Any CPU
		{84752074-6D07-4F80-B21E-FB151B884FD0}.Release|Any CPU.Build.0 = Release|Any CPU
		{84752074-6D07-4F80-B21E-FB151B884FD0}.Release|x64.ActiveCfg = Release|Any CPU
		{84752074-6D07-4F80-B21E-FB151B884FD0}.Release|x64.Build.0 = Release|Any CPU
		{84752074-6D07-4F80-B21E-FB151B884FD0}.Release|x86.ActiveCfg = Release|Any CPU
		{84752074-6D07-4F80-B21E-FB151B884FD0}.Release|x86.Build.0 = Release|Any CPU
		{317B96E4-2A0A-4411-AB8C-9DF22C08C4C3}.Debug|Any CPU.ActiveCfg = Debug|Any CPU
		{317B96E4-2A0A-4411-AB8C-9DF22C08C4C3}.Debug|Any CPU.Build.0 = Debug|Any CPU
		{317B96E4-2A0A-4411-AB8C-9DF22C08C4C3}.Debug|x64.ActiveCfg = Debug|Any CPU
		{317B96E4-2A0A-4411-AB8C-9DF22C08C4C3}.Debug|x64.Build.0 = Debug|Any CPU
		{317B96E4-2A0A-4411-AB8C-9DF22C08C4C3}.Debug|x86.ActiveCfg = Debug|Any CPU
		{317B96E4-2A0A-4411-AB8C-9DF22C08C4C3}.Debug|x86.Build.0 = Debug|Any CPU
		{317B96E4-2A0A-4411-AB8C-9DF22C08C4C3}.Release|Any CPU.ActiveCfg = Release|Any CPU
		{317B96E4-2A0A-4411-AB8C-9DF22C08C4C3}.Release|Any CPU.Build.0 = Release|Any CPU
		{317B96E4-2A0A-4411-AB8C-9DF22C08C4C3}.Release|x64.ActiveCfg = Release|Any CPU
		{317B96E4-2A0A-4411-AB8C-9DF22C08C4C3}.Release|x64.Build.0 = Release|Any CPU
		{317B96E4-2A0A-4411-AB8C-9DF22C08C4C3}.Release|x86.ActiveCfg = Release|Any CPU
		{317B96E4-2A0A-4411-AB8C-9DF22C08C4C3}.Release|x86.Build.0 = Release|Any CPU
	EndGlobalSection
	GlobalSection(SolutionProperties) = preSolution
		HideSolutionNode = FALSE
	EndGlobalSection
EndGlobal
